
Microsoft Visual Studio Solution File, Format Version 12.00
# Visual Studio Version 16
VisualStudioVersion = 16.0.31515.178
MinimumVisualStudioVersion = 10.0.40219.1
Project("{FAE04EC0-301F-11D3-BF4B-00C04F79EFBC}") = "SnackandLadder", "SnackandLadder.csproj", "{12069B76-BD97-48F1-9F8E-D16EBE85524C}"
EndProject
Global
	GlobalSection(SolutionConfigurationPlatforms) = preSolution
		Debug|Any CPU = Debug|Any CPU
		Release|Any CPU = Release|Any CPU
	EndGlobalSection
	GlobalSection(ProjectConfigurationPlatforms) = postSolution
		{12069B76-BD97-48F1-9F8E-D16EBE85524C}.Debug|Any CPU.ActiveCfg = Debug|Any CPU
		{12069B76-BD97-48F1-9F8E-D16EBE85524C}.Debug|Any CPU.Build.0 = Debug|Any CPU
		{12069B76-BD97-48F1-9F8E-D16EBE85524C}.Release|Any CPU.ActiveCfg = Release|Any CPU
		{12069B76-BD97-48F1-9F8E-D16EBE85524C}.Release|Any CPU.Build.0 = Release|Any CPU
	EndGlobalSection
	GlobalSection(SolutionProperties) = preSolution
		HideSolutionNode = FALSE
	EndGlobalSection
	GlobalSection(ExtensibilityGlobals) = postSolution
		SolutionGuid = {002BC199-F1BB-426F-8E6A-C8F314C3E297}
	EndGlobalSection
EndGlobal
